PODS:
  - Alamofire (3.1.5)
  - SwiftyDropbox (2.0.3):
    - Alamofire (~> 3.1)

DEPENDENCIES:
  - SwiftyDropbox

SPEC CHECKSUMS:
  Alamofire: 5f730ba29fd113b7ddd71c1e65d0c630acf5d7b0
  SwiftyDropbox: 2c99b72b888d73951c2ffc1ef1609cb381740a3d

PODFILE CHECKSUM: a3a39ff288d62ef4aa0af5b9077b405ca15b99a9

COCOAPODS: 1.0.1
